
Microsoft Visual Studio Solution File, Format Version 12.00
# Visual Studio Version 16
VisualStudioVersion = 16.0.29509.3
MinimumVisualStudioVersion = 10.0.40219.1
Project("{9A19103F-16F7-4668-BE54-9A1E7A4F7556}") = "DataAccess", "DataAccess\DataAccess.csproj", "{C7CCC5C6-4221-4DB7-A835-D6B70B30E428}"
EndProject
Project("{9A19103F-16F7-4668-BE54-9A1E7A4F7556}") = "Entities", "Entities\Entities.csproj", "{5DB56E9F-7EDC-46A4-A2FF-ED1D04E849C2}"
EndProject
Project("{9A19103F-16F7-4668-BE54-9A1E7A4F7556}") = "Business", "Business\Business.csproj", "{CAEFA1A6-DA3A-4B1B-884F-9E44D216C9AC}"
EndProject
Project("{9A19103F-16F7-4668-BE54-9A1E7A4F7556}") = "ConsoleUI", "ConsoleUI\ConsoleUI.csproj", "{DBEFBDC2-AEB7-47A6-BFD6-7FBE65EA40C8}"
EndProject
Project("{FAE04EC0-301F-11D3-BF4B-00C04F79EFBC}") = "Core", "Core\Core.csproj", "{EDD3D5AC-13DD-44D9-86B7-E7B4A908E639}"
EndProject
Project("{FAE04EC0-301F-11D3-BF4B-00C04F79EFBC}") = "WebAPI", "WebAPI\WebAPI.csproj", "{C3AA89B7-8FB3-4875-9E48-64B9C97E2CE8}"
EndProject
Global
	GlobalSection(SolutionConfigurationPlatforms) = preSolution
		Debug|Any CPU = Debug|Any CPU
		Release|Any CPU = Release|Any CPU
	EndGlobalSection
	GlobalSection(ProjectConfigurationPlatforms) = postSolution
		{C7CCC5C6-4221-4DB7-A835-D6B70B30E428}.Debug|Any CPU.ActiveCfg = Debug|Any CPU
		{C7CCC5C6-4221-4DB7-A835-D6B70B30E428}.Debug|Any CPU.Build.0 = Debug|Any CPU
		{C7CCC5C6-4221-4DB7-A835-D6B70B30E428}.Release|Any CPU.ActiveCfg = Release|Any CPU
		{C7CCC5C6-4221-4DB7-A835-D6B70B30E428}.Release|Any CPU.Build.0 = Release|Any CPU
		{5DB56E9F-7EDC-46A4-A2FF-ED1D04E849C2}.Debug|Any CPU.ActiveCfg = Debug|Any CPU
		{5DB56E9F-7EDC-46A4-A2FF-ED1D04E849C2}.Debug|Any CPU.Build.0 = Debug|Any CPU
		{5DB56E9F-7EDC-46A4-A2FF-ED1D04E849C2}.Release|Any CPU.ActiveCfg = Release|Any CPU
		{5DB56E9F-7EDC-46A4-A2FF-ED1D04E849C2}.Release|Any CPU.Build.0 = Release|Any CPU
		{CAEFA1A6-DA3A-4B1B-884F-9E44D216C9AC}.Debug|Any CPU.ActiveCfg = Debug|Any CPU
		{CAEFA1A6-DA3A-4B1B-884F-9E44D216C9AC}.Debug|Any CPU.Build.0 = Debug|Any CPU
		{CAEFA1A6-DA3A-4B1B-884F-9E44D216C9AC}.Release|Any CPU.ActiveCfg = Release|Any CPU
		{CAEFA1A6-DA3A-4B1B-884F-9E44D216C9AC}.Release|Any CPU.Build.0 = Release|Any CPU
		{DBEFBDC2-AEB7-47A6-BFD6-7FBE65EA40C8}.Debug|Any CPU.ActiveCfg = Debug|Any CPU
		{DBEFBDC2-AEB7-47A6-BFD6-7FBE65EA40C8}.Debug|Any CPU.Build.0 = Debug|Any CPU
		{DBEFBDC2-AEB7-47A6-BFD6-7FBE65EA40C8}.Release|Any CPU.ActiveCfg = Release|Any CPU
		{DBEFBDC2-AEB7-47A6-BFD6-7FBE65EA40C8}.Release|Any CPU.Build.0 = Release|Any CPU
		{EDD3D5AC-13DD-44D9-86B7-E7B4A908E639}.Debug|Any CPU.ActiveCfg = Debug|Any CPU
		{EDD3D5AC-13DD-44D9-86B7-E7B4A908E639}.Debug|Any CPU.Build.0 = Debug|Any CPU
		{EDD3D5AC-13DD-44D9-86B7-E7B4A908E639}.Release|Any CPU.ActiveCfg = Release|Any CPU
		{EDD3D5AC-13DD-44D9-86B7-E7B4A908E639}.Release|Any CPU.Build.0 = Release|Any CPU
		{C3AA89B7-8FB3-4875-9E48-64B9C97E2CE8}.Debug|Any CPU.ActiveCfg = Debug|Any CPU
		{C3AA89B7-8FB3-4875-9E48-64B9C97E2CE8}.Debug|Any CPU.Build.0 = Debug|Any CPU
		{C3AA89B7-8FB3-4875-9E48-64B9C97E2CE8}.Release|Any CPU.ActiveCfg = Release|Any CPU
		{C3AA89B7-8FB3-4875-9E48-64B9C97E2CE8}.Release|Any CPU.Build.0 = Release|Any CPU
	EndGlobalSection
	GlobalSection(SolutionProperties) = preSolution
		HideSolutionNode = FALSE
	EndGlobalSection
	GlobalSection(ExtensibilityGlobals) = postSolution
		SolutionGuid = {4A217873-6AAA-4F55-A35D-56E1D40CDD56}
	EndGlobalSection
EndGlobal
